{
  "requires": true,
  "lockfileVersion": 1,
  "dependencies": {
    "todomvc-app-css": {
      "version": "2.1.1",
      "resolved": "https://registry.npmjs.org/todomvc-app-css/-/todomvc-app-css-2.1.1.tgz",
      "integrity": "sha512-OmecEgQ+TE6c1NzXrxZhRmXofhCNrAjc9vqVzCOdsBOnnxHZJBJmRMcq3LdnG+HYGmvQxMp6Ar+NRTwNiNC1mQ=="
    },
    "todomvc-common": {
      "version": "1.0.5",
      "resolved": "https://registry.npmjs.org/todomvc-common/-/todomvc-common-1.0.5.tgz",
      "integrity": "sha512-D8kEJmxVMQIWwztEdH+WeiAfXRbbSCpgXq4NkYi+gduJ2tr8CNq7sYLfJvjpQ10KD9QxJwig57rvMbV2QAESwQ=="
    },
    "vue": {
      "version": "2.5.16",
      "resolved": "https://registry.npmjs.org/vue/-/vue-2.5.16.tgz",
      "integrity": "sha512-/ffmsiVuPC8PsWcFkZngdpas19ABm5mh2wA7iDqcltyCTwlgZjHGeJYOXkBMo422iPwIcviOtrTCUpSfXmToLQ=="
    }
  }
}
